
Microsoft Visual Studio Solution File, Format Version 12.00
# Visual Studio Version 16
VisualStudioVersion = 25.0.1705.4
MinimumVisualStudioVersion = 10.0.40219.1
Project("{FAE04EC0-301F-11D3-BF4B-00C04F79EFBC}") = "semana07.Android", "semana07\semana07.Android\semana07.Android.csproj", "{31DCA0F4-D97A-42D5-B34B-EB91142B0168}"
EndProject
Project("{FAE04EC0-301F-11D3-BF4B-00C04F79EFBC}") = "semana07.iOS", "semana07\semana07.iOS\semana07.iOS.csproj", "{00257A6F-3B4A-4158-87CD-FD394C9453F6}"
EndProject
Project("{FAE04EC0-301F-11D3-BF4B-00C04F79EFBC}") = "semana07", "semana07\semana07\semana07.csproj", "{0C6B3E6C-5420-4404-A19D-68C8A5D80E03}"
EndProject
Global
	GlobalSection(SolutionConfigurationPlatforms) = preSolution
		Debug|Any CPU = Debug|Any CPU
		Release|Any CPU = Release|Any CPU
		Debug|iPhoneSimulator = Debug|iPhoneSimulator
		Release|iPhoneSimulator = Release|iPhoneSimulator
		Debug|iPhone = Debug|iPhone
		Release|iPhone = Release|iPhone
	EndGlobalSection
	GlobalSection(ProjectConfigurationPlatforms) = postSolution
		{31DCA0F4-D97A-42D5-B34B-EB91142B0168}.Debug|Any CPU.ActiveCfg = Debug|Any CPU
		{31DCA0F4-D97A-42D5-B34B-EB91142B0168}.Debug|Any CPU.Build.0 = Debug|Any CPU
		{31DCA0F4-D97A-42D5-B34B-EB91142B0168}.Release|Any CPU.ActiveCfg = Release|Any CPU
		{31DCA0F4-D97A-42D5-B34B-EB91142B0168}.Release|Any CPU.Build.0 = Release|Any CPU
		{31DCA0F4-D97A-42D5-B34B-EB91142B0168}.Debug|iPhoneSimulator.ActiveCfg = Debug|Any CPU
		{31DCA0F4-D97A-42D5-B34B-EB91142B0168}.Debug|iPhoneSimulator.Build.0 = Debug|Any CPU
		{31DCA0F4-D97A-42D5-B34B-EB91142B0168}.Release|iPhoneSimulator.ActiveCfg = Release|Any CPU
		{31DCA0F4-D97A-42D5-B34B-EB91142B0168}.Release|iPhoneSimulator.Build.0 = Release|Any CPU
		{31DCA0F4-D97A-42D5-B34B-EB91142B0168}.Debug|iPhone.ActiveCfg = Debug|Any CPU
		{31DCA0F4-D97A-42D5-B34B-EB91142B0168}.Debug|iPhone.Build.0 = Debug|Any CPU
		{31DCA0F4-D97A-42D5-B34B-EB91142B0168}.Release|iPhone.ActiveCfg = Release|Any CPU
		{31DCA0F4-D97A-42D5-B34B-EB91142B0168}.Release|iPhone.Build.0 = Release|Any CPU
		{00257A6F-3B4A-4158-87CD-FD394C9453F6}.Debug|Any CPU.ActiveCfg = Debug|iPhoneSimulator
		{00257A6F-3B4A-4158-87CD-FD394C9453F6}.Debug|Any CPU.Build.0 = Debug|iPhoneSimulator
		{00257A6F-3B4A-4158-87CD-FD394C9453F6}.Release|Any CPU.ActiveCfg = Release|iPhoneSimulator
		{00257A6F-3B4A-4158-87CD-FD394C9453F6}.Release|Any CPU.Build.0 = Release|iPhoneSimulator
		{00257A6F-3B4A-4158-87CD-FD394C9453F6}.Debug|iPhoneSimulator.ActiveCfg = Debug|iPhoneSimulator
		{00257A6F-3B4A-4158-87CD-FD394C9453F6}.Debug|iPhoneSimulator.Build.0 = Debug|iPhoneSimulator
		{00257A6F-3B4A-4158-87CD-FD394C9453F6}.Release|iPhoneSimulator.ActiveCfg = Release|iPhoneSimulator
		{00257A6F-3B4A-4158-87CD-FD394C9453F6}.Release|iPhoneSimulator.Build.0 = Release|iPhoneSimulator
		{00257A6F-3B4A-4158-87CD-FD394C9453F6}.Debug|iPhone.ActiveCfg = Debug|iPhone
		{00257A6F-3B4A-4158-87CD-FD394C9453F6}.Debug|iPhone.Build.0 = Debug|iPhone
		{00257A6F-3B4A-4158-87CD-FD394C9453F6}.Release|iPhone.ActiveCfg = Release|iPhone
		{00257A6F-3B4A-4158-87CD-FD394C9453F6}.Release|iPhone.Build.0 = Release|iPhone
		{0C6B3E6C-5420-4404-A19D-68C8A5D80E03}.Debug|Any CPU.ActiveCfg = Debug|Any CPU
		{0C6B3E6C-5420-4404-A19D-68C8A5D80E03}.Debug|Any CPU.Build.0 = Debug|Any CPU
		{0C6B3E6C-5420-4404-A19D-68C8A5D80E03}.Release|Any CPU.ActiveCfg = Release|Any CPU
		{0C6B3E6C-5420-4404-A19D-68C8A5D80E03}.Release|Any CPU.Build.0 = Release|Any CPU
		{0C6B3E6C-5420-4404-A19D-68C8A5D80E03}.Debug|iPhoneSimulator.ActiveCfg = Debug|Any CPU
		{0C6B3E6C-5420-4404-A19D-68C8A5D80E03}.Debug|iPhoneSimulator.Build.0 = Debug|Any CPU
		{0C6B3E6C-5420-4404-A19D-68C8A5D80E03}.Release|iPhoneSimulator.ActiveCfg = Release|Any CPU
		{0C6B3E6C-5420-4404-A19D-68C8A5D80E03}.Release|iPhoneSimulator.Build.0 = Release|Any CPU
		{0C6B3E6C-5420-4404-A19D-68C8A5D80E03}.Debug|iPhone.ActiveCfg = Debug|Any CPU
		{0C6B3E6C-5420-4404-A19D-68C8A5D80E03}.Debug|iPhone.Build.0 = Debug|Any CPU
		{0C6B3E6C-5420-4404-A19D-68C8A5D80E03}.Release|iPhone.ActiveCfg = Release|Any CPU
		{0C6B3E6C-5420-4404-A19D-68C8A5D80E03}.Release|iPhone.Build.0 = Release|Any CPU
	EndGlobalSection
	GlobalSection(SolutionProperties) = preSolution
		HideSolutionNode = FALSE
	EndGlobalSection
	GlobalSection(ExtensibilityGlobals) = postSolution
		SolutionGuid = {3A2F4DB7-9FEC-4933-B45C-3D3656BA05A6}
	EndGlobalSection
EndGlobal
